{
  "name": "angularjsavaliacao",
  "version": "1.0.0",
  "dependencies": {
    "angular": {
      "version": "1.5.11",
      "from": "angular@>=1.5.0 <1.6.0",
      "resolved": "https://registry.npmjs.org/angular/-/angular-1.5.11.tgz"
    },
    "bootstrap": {
      "version": "3.3.7",
      "from": "bootstrap@latest",
      "resolved": "https://registry.npmjs.org/bootstrap/-/bootstrap-3.3.7.tgz"
    },
    "jquery": {
      "version": "3.2.1",
      "from": "jquery@latest",
      "resolved": "https://registry.npmjs.org/jquery/-/jquery-3.2.1.tgz"
    },
    "popper.js": {
      "version": "1.12.5",
      "from": "popper.js@latest",
      "resolved": "https://registry.npmjs.org/popper.js/-/popper.js-1.12.5.tgz"
    }
  }
}
